
Microsoft Visual Studio Solution File, Format Version 12.00
# Visual Studio for Mac
Project("{FAE04EC0-301F-11D3-BF4B-00C04F79EFBC}") = "Assembly-CSharp", "Assembly-CSharp.csproj", "{0B733883-F674-D821-7848-0E9B08819591}"
EndProject
Project("{FAE04EC0-301F-11D3-BF4B-00C04F79EFBC}") = "Lasp", "Lasp.csproj", "{47C3C213-AA2D-9FC3-30F8-CF11AA3C28FC}"
EndProject
Project("{FAE04EC0-301F-11D3-BF4B-00C04F79EFBC}") = "Assembly-CSharp-Editor", "Assembly-CSharp-Editor.csproj", "{6E07F25B-752B-BDB1-5069-BD600D97D14B}"
EndProject
Project("{FAE04EC0-301F-11D3-BF4B-00C04F79EFBC}") = "Lasp.Editor", "Lasp.Editor.csproj", "{5CBEF005-3C1A-EAD0-B68F-C6E2A11CF8C0}"
EndProject
Global
	GlobalSection(SolutionConfigurationPlatforms) = preSolution
		Debug|Any CPU = Debug|Any CPU
		Release|Any CPU = Release|Any CPU
	EndGlobalSection
	GlobalSection(ProjectConfigurationPlatforms) = postSolution
		{0B733883-F674-D821-7848-0E9B08819591}.Debug|Any CPU.ActiveCfg = Debug|Any CPU
		{0B733883-F674-D821-7848-0E9B08819591}.Debug|Any CPU.Build.0 = Debug|Any CPU
		{0B733883-F674-D821-7848-0E9B08819591}.Release|Any CPU.ActiveCfg = Release|Any CPU
		{0B733883-F674-D821-7848-0E9B08819591}.Release|Any CPU.Build.0 = Release|Any CPU
		{47C3C213-AA2D-9FC3-30F8-CF11AA3C28FC}.Debug|Any CPU.ActiveCfg = Debug|Any CPU
		{47C3C213-AA2D-9FC3-30F8-CF11AA3C28FC}.Debug|Any CPU.Build.0 = Debug|Any CPU
		{47C3C213-AA2D-9FC3-30F8-CF11AA3C28FC}.Release|Any CPU.ActiveCfg = Release|Any CPU
		{47C3C213-AA2D-9FC3-30F8-CF11AA3C28FC}.Release|Any CPU.Build.0 = Release|Any CPU
		{6E07F25B-752B-BDB1-5069-BD600D97D14B}.Debug|Any CPU.ActiveCfg = Debug|Any CPU
		{6E07F25B-752B-BDB1-5069-BD600D97D14B}.Debug|Any CPU.Build.0 = Debug|Any CPU
		{6E07F25B-752B-BDB1-5069-BD600D97D14B}.Release|Any CPU.ActiveCfg = Release|Any CPU
		{6E07F25B-752B-BDB1-5069-BD600D97D14B}.Release|Any CPU.Build.0 = Release|Any CPU
		{5CBEF005-3C1A-EAD0-B68F-C6E2A11CF8C0}.Debug|Any CPU.ActiveCfg = Debug|Any CPU
		{5CBEF005-3C1A-EAD0-B68F-C6E2A11CF8C0}.Debug|Any CPU.Build.0 = Debug|Any CPU
		{5CBEF005-3C1A-EAD0-B68F-C6E2A11CF8C0}.Release|Any CPU.ActiveCfg = Release|Any CPU
		{5CBEF005-3C1A-EAD0-B68F-C6E2A11CF8C0}.Release|Any CPU.Build.0 = Release|Any CPU
	EndGlobalSection
	GlobalSection(SolutionProperties) = preSolution
		HideSolutionNode = FALSE
	EndGlobalSection
EndGlobal
